
Microsoft Visual Studio Solution File, Format Version 12.00
# Visual Studio 15
VisualStudioVersion = 15.0.28307.329
MinimumVisualStudioVersion = 10.0.40219.1
Project("{9A19103F-16F7-4668-BE54-9A1E7A4F7556}") = "TVK.Web", "TVK.Web\TVK.Web.csproj", "{D9296092-2433-41FD-9543-8A89F2EE9E75}"
EndProject
Project("{FAE04EC0-301F-11D3-BF4B-00C04F79EFBC}") = "TVK.Client.Daemon.Web", "TVK.Client.Daemon.Web\TVK.Client.Daemon.Web.csproj", "{FBBC6BAD-D6E9-464B-8232-0142A7D77E0D}"
EndProject
Global
	GlobalSection(SolutionConfigurationPlatforms) = preSolution
		Debug|Any CPU = Debug|Any CPU
		Release|Any CPU = Release|Any CPU
	EndGlobalSection
	GlobalSection(ProjectConfigurationPlatforms) = postSolution
		{D9296092-2433-41FD-9543-8A89F2EE9E75}.Debug|Any CPU.ActiveCfg = Debug|Any CPU
		{D9296092-2433-41FD-9543-8A89F2EE9E75}.Debug|Any CPU.Build.0 = Debug|Any CPU
		{D9296092-2433-41FD-9543-8A89F2EE9E75}.Release|Any CPU.ActiveCfg = Release|Any CPU
		{D9296092-2433-41FD-9543-8A89F2EE9E75}.Release|Any CPU.Build.0 = Release|Any CPU
		{FBBC6BAD-D6E9-464B-8232-0142A7D77E0D}.Debug|Any CPU.ActiveCfg = Debug|Any CPU
		{FBBC6BAD-D6E9-464B-8232-0142A7D77E0D}.Debug|Any CPU.Build.0 = Debug|Any CPU
		{FBBC6BAD-D6E9-464B-8232-0142A7D77E0D}.Release|Any CPU.ActiveCfg = Release|Any CPU
		{FBBC6BAD-D6E9-464B-8232-0142A7D77E0D}.Release|Any CPU.Build.0 = Release|Any CPU
	EndGlobalSection
	GlobalSection(SolutionProperties) = preSolution
		HideSolutionNode = FALSE
	EndGlobalSection
	GlobalSection(ExtensibilityGlobals) = postSolution
		SolutionGuid = {1F449D30-F767-44CA-9747-F399F970B0D4}
	EndGlobalSection
EndGlobal
